
Microsoft Visual Studio Solution File, Format Version 12.00
# Visual Studio Version 16
VisualStudioVersion = 16.0.30711.63
MinimumVisualStudioVersion = 15.0.26124.0
Project("{9A19103F-16F7-4668-BE54-9A1E7A4F7556}") = "DwC-A_dotnet.Interactive", "src\DwC-A_dotnet.Interactive\DwC-A_dotnet.Interactive.csproj", "{47FA440C-857B-48EC-8F38-B9272C55BF33}"
EndProject
Project("{FAE04EC0-301F-11D3-BF4B-00C04F79EFBC}") = "UnitTests", "src\UnitTests\UnitTests.csproj", "{78D15666-D10B-411B-8506-A525BBBCB481}"
EndProject
Global
	GlobalSection(SolutionConfigurationPlatforms) = preSolution
		Debug|Any CPU = Debug|Any CPU
		Debug|x64 = Debug|x64
		Debug|x86 = Debug|x86
		Release|Any CPU = Release|Any CPU
		Release|x64 = Release|x64
		Release|x86 = Release|x86
	EndGlobalSection
	GlobalSection(ProjectConfigurationPlatforms) = postSolution
		{47FA440C-857B-48EC-8F38-B9272C55BF33}.Debug|Any CPU.ActiveCfg = Debug|Any CPU
		{47FA440C-857B-48EC-8F38-B9272C55BF33}.Debug|Any CPU.Build.0 = Debug|Any CPU
		{47FA440C-857B-48EC-8F38-B9272C55BF33}.Debug|x64.ActiveCfg = Debug|Any CPU
		{47FA440C-857B-48EC-8F38-B9272C55BF33}.Debug|x64.Build.0 = Debug|Any CPU
		{47FA440C-857B-48EC-8F38-B9272C55BF33}.Debug|x86.ActiveCfg = Debug|Any CPU
		{47FA440C-857B-48EC-8F38-B9272C55BF33}.Debug|x86.Build.0 = Debug|Any CPU
		{47FA440C-857B-48EC-8F38-B9272C55BF33}.Release|Any CPU.ActiveCfg = Release|Any CPU
		{47FA440C-857B-48EC-8F38-B9272C55BF33}.Release|Any CPU.Build.0 = Release|Any CPU
		{47FA440C-857B-48EC-8F38-B9272C55BF33}.Release|x64.ActiveCfg = Release|Any CPU
		{47FA440C-857B-48EC-8F38-B9272C55BF33}.Release|x64.Build.0 = Release|Any CPU
		{47FA440C-857B-48EC-8F38-B9272C55BF33}.Release|x86.ActiveCfg = Release|Any CPU
		{47FA440C-857B-48EC-8F38-B9272C55BF33}.Release|x86.Build.0 = Release|Any CPU
		{78D15666-D10B-411B-8506-A525BBBCB481}.Debug|Any CPU.ActiveCfg = Debug|Any CPU
		{78D15666-D10B-411B-8506-A525BBBCB481}.Debug|Any CPU.Build.0 = Debug|Any CPU
		{78D15666-D10B-411B-8506-A525BBBCB481}.Debug|x64.ActiveCfg = Debug|Any CPU
		{78D15666-D10B-411B-8506-A525BBBCB481}.Debug|x64.Build.0 = Debug|Any CPU
		{78D15666-D10B-411B-8506-A525BBBCB481}.Debug|x86.ActiveCfg = Debug|Any CPU
		{78D15666-D10B-411B-8506-A525BBBCB481}.Debug|x86.Build.0 = Debug|Any CPU
		{78D15666-D10B-411B-8506-A525BBBCB481}.Release|Any CPU.ActiveCfg = Release|Any CPU
		{78D15666-D10B-411B-8506-A525BBBCB481}.Release|Any CPU.Build.0 = Release|Any CPU
		{78D15666-D10B-411B-8506-A525BBBCB481}.Release|x64.ActiveCfg = Release|Any CPU
		{78D15666-D10B-411B-8506-A525BBBCB481}.Release|x64.Build.0 = Release|Any CPU
		{78D15666-D10B-411B-8506-A525BBBCB481}.Release|x86.ActiveCfg = Release|Any CPU
		{78D15666-D10B-411B-8506-A525BBBCB481}.Release|x86.Build.0 = Release|Any CPU
	EndGlobalSection
	GlobalSection(SolutionProperties) = preSolution
		HideSolutionNode = FALSE
	EndGlobalSection
	GlobalSection(ExtensibilityGlobals) = postSolution
		SolutionGuid = {62E26B2B-282A-47F1-B5A4-7F3C742B7C16}
	EndGlobalSection
EndGlobal
